{
  "name": "islet",
  "version": "1.0.1",
  "lockfileVersion": 3,
  "requires": true,
  "packages": {
    "": {
      "name": "islet",
      "version": "1.0.1",
      "dependencies": {
        "@rebble/clay": "^1.0.8"
      }
    },
    "node_modules/@rebble/clay": {
      "version": "1.0.8",
      "license": "MIT"
    }
  }
}
